{
  "version": 4,
  "terraform_version": "1.11.4",
  "serial": 17,
  "lineage": "89e2bb88-98f2-fbe9-739b-f614336596e3",
  "outputs": {},
  "resources": [
    {
      "mode": "managed",
      "type": "auth0_connection",
      "name": "testdb",
      "provider": "provider[\"registry.terraform.io/auth0/auth0\"]",
      "instances": [
        {
          "schema_version": 3,
          "attributes": {
            "display_name": "",
            "id": "con_3JN5JLnohis3t4pd",
            "is_domain_connection": false,
            "metadata": null,
            "name": "testDbTerraform",
            "options": [
              {
                "adfs_server": "",
                "allowed_audiences": [],
                "api_enable_users": false,
                "app_id": "",
                "attribute_map": [],
                "attributes": [
                  {
                    "email": [
                      {
                        "identifier": [
                          {
                            "active": true
                          }
                        ],
                        "profile_required": true,
                        "signup": [
                          {
                            "status": "required",
                            "verification": [
                              {
                                "active": true
                              }
                            ]
                          }
                        ],
                        "verification_method": "link"
                      }
                    ],
                    "phone_number": [],
                    "username": []
                  }
                ],
                "auth_params": null,
                "authentication_methods": [
                  {
                    "passkey": [
                      {
                        "enabled": false
                      }
                    ],
                    "password": [
                      {
                        "enabled": true
                      }
                    ]
                  }
                ],
                "authorization_endpoint": "",
                "brute_force_protection": true,
                "client_id": "",
                "client_secret": "",
                "community_base_url": "",
                "configuration": null,
                "connection_settings": [],
                "custom_headers": [],
                "custom_scripts": null,
                "debug": false,
                "decryption_key": [],
                "digest_algorithm": "",
                "disable_cache": false,
                "disable_self_service_change_password": false,
                "disable_sign_out": false,
                "disable_signup": false,
                "discovery_url": "",
                "domain": "",
                "domain_aliases": [],
                "enable_script_context": false,
                "enabled_database_customization": false,
                "entity_id": "",
                "fed_metadata_xml": "",
                "fields_map": "",
                "forward_request_info": false,
                "from": "",
                "gateway_authentication": [],
                "gateway_url": "",
                "global_token_revocation_jwt_iss": "",
                "global_token_revocation_jwt_sub": "",
                "icon_url": "",
                "identity_api": "",
                "idp_initiated": [],
                "import_mode": false,
                "ips": [],
                "issuer": "",
                "jwks_uri": "",
                "key_id": "",
                "map_user_id_to_id": false,
                "max_groups_to_retrieve": "",
                "messaging_service_sid": "",
                "metadata_url": "",
                "metadata_xml": "",
                "mfa": [
                  {
                    "active": true,
                    "return_enroll_settings": true
                  }
                ],
                "name": "",
                "non_persistent_attrs": [],
                "passkey_options": [
                  {
                    "challenge_ui": "both",
                    "local_enrollment_enabled": true,
                    "progressive_enrollment_enabled": true
                  }
                ],
                "password_complexity_options": [],
                "password_dictionary": [],
                "password_history": [],
                "password_no_personal_info": [],
                "password_policy": "good",
                "ping_federate_base_url": "",
                "pkce_enabled": false,
                "precedence": null,
                "protocol_binding": "",
                "provider": "",
                "request_template": "",
                "requires_username": false,
                "scopes": [],
                "scripts": null,
                "set_user_root_attributes": "",
                "should_trust_email_verified_connection": "",
                "sign_in_endpoint": "",
                "sign_out_endpoint": "",
                "sign_saml_request": false,
                "signature_algorithm": "",
                "signing_cert": "",
                "signing_key": [],
                "strategy_version": 2,
                "subject": "",
                "syntax": "",
                "team_id": "",
                "template": "",
                "tenant_domain": "",
                "token_endpoint": "",
                "totp": [],
                "twilio_sid": "",
                "twilio_token": "",
                "type": "",
                "upstream_params": "",
                "use_cert_auth": false,
                "use_kerberos": false,
                "use_wsfed": false,
                "user_id_attribute": "",
                "userinfo_endpoint": "",
                "validation": [],
                "waad_common_endpoint": false,
                "waad_protocol": ""
              }
            ],
            "realms": [
              "testDb",
              "testDbTerraform"
            ],
            "show_as_button": null,
            "strategy": "auth0"
          },
          "sensitive_attributes": [
            [
              {
                "type": "get_attr",
                "value": "options"
              },
              {
                "type": "index",
                "value": {
                  "value": 0,
                  "type": "number"
                }
              },
              {
                "type": "get_attr",
                "value": "twilio_token"
              }
            ],
            [
              {
                "type": "get_attr",
                "value": "options"
              },
              {
                "type": "index",
                "value": {
                  "value": 0,
                  "type": "number"
                }
              },
              {
                "type": "get_attr",
                "value": "configuration"
              }
            ],
            [
              {
                "type": "get_attr",
                "value": "options"
              },
              {
                "type": "index",
                "value": {
                  "value": 0,
                  "type": "number"
                }
              },
              {
                "type": "get_attr",
                "value": "client_secret"
              }
            ]
          ],
          "private": "eyJzY2hlbWFfdmVyc2lvbiI6IjMifQ=="
        }
      ]
    }
  ],
  "check_results": null
}
