{
  "version": 4,
  "terraform_version": "1.9.8",
  "serial": 8,
  "lineage": "89e2bb88-98f2-fbe9-739b-f614336596e3",
  "outputs": {},
  "resources": [
    {
      "mode": "managed",
      "type": "auth0_client",
      "name": "single_page_app_1",
      "provider": "provider[\"registry.terraform.io/auth0/auth0\"]",
      "instances": [
        {
          "schema_version": 0,
          "attributes": {
            "addons": [],
            "allowed_clients": [],
            "allowed_logout_urls": [],
            "allowed_origins": [],
            "app_type": "spa",
            "callbacks": [
              "http://localhost:3000"
            ],
            "client_aliases": [],
            "client_id": "ImwLt82pATQLC3fdw1A3C5BviiZQf5Xc",
            "client_metadata": null,
            "compliance_level": "",
            "cross_origin_auth": false,
            "cross_origin_loc": "",
            "custom_login_page": "",
            "custom_login_page_on": true,
            "default_organization": [
              {
                "disable": true,
                "flows": [],
                "organization_id": ""
              }
            ],
            "description": "",
            "encryption_key": null,
            "form_template": "",
            "grant_types": [
              "implicit",
              "refresh_token",
              "password",
              "http://auth0.com/oauth/grant-type/password-realm",
              "http://auth0.com/oauth/grant-type/mfa-oob",
              "http://auth0.com/oauth/grant-type/mfa-otp",
              "http://auth0.com/oauth/grant-type/mfa-recovery-code"
            ],
            "id": "ImwLt82pATQLC3fdw1A3C5BviiZQf5Xc",
            "initiate_login_uri": "",
            "is_first_party": true,
            "is_token_endpoint_ip_header_trusted": false,
            "jwt_configuration": [
              {
                "alg": "",
                "lifetime_in_seconds": 36000,
                "scopes": {},
                "secret_encoded": false
              }
            ],
            "logo_uri": "https://cc-prod.scene7.com/is/image/CCProdAuthor/mascot-logo-design_P1_900x420?$pjpeg$\u0026jpegSize=200\u0026wid=900",
            "mobile": [],
            "name": "Single_page_app_1",
            "native_social_login": [],
            "oidc_backchannel_logout_urls": null,
            "oidc_conformant": true,
            "oidc_logout": [
              {
                "backchannel_logout_initiators": [
                  {
                    "mode": "custom",
                    "selected_initiators": [
                      "idp-logout",
                      "rp-logout"
                    ]
                  }
                ],
                "backchannel_logout_urls": []
              }
            ],
            "organization_require_behavior": "",
            "organization_usage": "",
            "refresh_token": [
              {
                "expiration_type": "expiring",
                "idle_token_lifetime": 1296000,
                "infinite_idle_token_lifetime": false,
                "infinite_token_lifetime": false,
                "leeway": 0,
                "rotation_type": "rotating",
                "token_lifetime": 2592000
              }
            ],
            "require_proof_of_possession": false,
            "require_pushed_authorization_requests": false,
            "signing_keys": [
              {
                "cert": "-----BEGIN CERTIFICATE-----\r\nMIIDBTCCAe2gAwIBAgIJPwKqRO8//KVaMA0GCSqGSIb3DQEBCwUAMCAxHjAcBgNV\r\nBAMTFXRyZXZvbml4LnVzLmF1dGgwLmNvbTAeFw0yNDA5MTExNDE5MzNaFw0zODA1\r\nMjExNDE5MzNaMCAxHjAcBgNVBAMTFXRyZXZvbml4LnVzLmF1dGgwLmNvbTCCASIw\r\nDQYJKoZIhvcNAQEBBQADggEPADCCAQoCggEBAKNdX65Qh6aBLr4mb06VZ8YKSPLq\r\nnL+v3NccJWjrTsLkSiU+HD5ID2pdwHCWSb+bMrvWwxeoU7CvyHreWCFLnhbjIQsd\r\nTp9BpUn5dB9iyLE83BfoAJQFKOtq0PmK3NbdqTs/uyGjUsf8Ly26X35VD7UXFeE/\r\npVNoL/mKvT18RT2F2jza3RYprUyGwZ3jkq4sANvs9NL4SQ03ZJQdlUctML+QVtOq\r\n53OYNrCHAMr4XgzGoal44lRog5249bvx9NReVmSFPhUUS13N6l1Ap4yNXJugZ3KD\r\nWGKxO0TqE9D66aqkKwCfvYMp6IacLOx75V7rmsEsu1HNkOX7iey4fgbyCRUCAwEA\r\nAaNCMEAwDwYDVR0TAQH/BAUwAwEB/zAdBgNVHQ4EFgQUgUsjpTYJIhRDkVC/ooDU\r\nRTIEJXkwDgYDVR0PAQH/BAQDAgKEMA0GCSqGSIb3DQEBCwUAA4IBAQCXnF+UkFKy\r\nJbM0wWa4iaWCaXpxjeVGr8nOofu1D5C3IRvyO2QLyOrMoAWBmJPmWdsCO1NBPrGf\r\nYKMfdFUNnWeS5aZe8Lh7y9LB1lUaNByM9iqfsAU7VsFiE8C2nX7xuUqRk+BqExUm\r\nd1IejRTErInRuxxfaI83sEQg5vofYoC+RPuMUC7pU0GBTBqTiSckswPjswBjQJFb\r\ndhRODnw0lKkDeV8s+DempRea9js+1IO2F5sF/4nN0IVE2gnqxZIx+hnkol5KxCiF\r\nNB3sdzUJUCMi/4ovde1RG41OBeE+j1lhqcRp2zs/aX1ExE3Kl4SBFpYIK42aKsuc\r\nMSYKhECU9ms6\r\n-----END CERTIFICATE-----",
                "pkcs7": "-----BEGIN PKCS7-----\r\nMIIDNAYJKoZIhvcNAQcCoIIDJTCCAyECAQExADALBgkqhkiG9w0BBwGgggMJMIID\r\nBTCCAe2gAwIBAgIJPwKqRO8//KVaMA0GCSqGSIb3DQEBCwUAMCAxHjAcBgNVBAMT\r\nFXRyZXZvbml4LnVzLmF1dGgwLmNvbTAeFw0yNDA5MTExNDE5MzNaFw0zODA1MjEx\r\nNDE5MzNaMCAxHjAcBgNVBAMTFXRyZXZvbml4LnVzLmF1dGgwLmNvbTCCASIwDQYJ\r\nKoZIhvcNAQEBBQADggEPADCCAQoCggEBAKNdX65Qh6aBLr4mb06VZ8YKSPLqnL+v\r\n3NccJWjrTsLkSiU+HD5ID2pdwHCWSb+bMrvWwxeoU7CvyHreWCFLnhbjIQsdTp9B\r\npUn5dB9iyLE83BfoAJQFKOtq0PmK3NbdqTs/uyGjUsf8Ly26X35VD7UXFeE/pVNo\r\nL/mKvT18RT2F2jza3RYprUyGwZ3jkq4sANvs9NL4SQ03ZJQdlUctML+QVtOq53OY\r\nNrCHAMr4XgzGoal44lRog5249bvx9NReVmSFPhUUS13N6l1Ap4yNXJugZ3KDWGKx\r\nO0TqE9D66aqkKwCfvYMp6IacLOx75V7rmsEsu1HNkOX7iey4fgbyCRUCAwEAAaNC\r\nMEAwDwYDVR0TAQH/BAUwAwEB/zAdBgNVHQ4EFgQUgUsjpTYJIhRDkVC/ooDURTIE\r\nJXkwDgYDVR0PAQH/BAQDAgKEMA0GCSqGSIb3DQEBCwUAA4IBAQCXnF+UkFKyJbM0\r\nwWa4iaWCaXpxjeVGr8nOofu1D5C3IRvyO2QLyOrMoAWBmJPmWdsCO1NBPrGfYKMf\r\ndFUNnWeS5aZe8Lh7y9LB1lUaNByM9iqfsAU7VsFiE8C2nX7xuUqRk+BqExUmd1Ie\r\njRTErInRuxxfaI83sEQg5vofYoC+RPuMUC7pU0GBTBqTiSckswPjswBjQJFbdhRO\r\nDnw0lKkDeV8s+DempRea9js+1IO2F5sF/4nN0IVE2gnqxZIx+hnkol5KxCiFNB3s\r\ndzUJUCMi/4ovde1RG41OBeE+j1lhqcRp2zs/aX1ExE3Kl4SBFpYIK42aKsucMSYK\r\nhECU9ms6MQA=\r\n-----END PKCS7-----\r\n",
                "subject": "deprecated"
              }
            ],
            "sso": false,
            "sso_disabled": false,
            "token_exchange": [],
            "web_origins": []
          },
          "sensitive_attributes": [
            [
              {
                "type": "get_attr",
                "value": "signing_keys"
              }
            ]
          ],
          "private": "bnVsbA=="
        }
      ]
    }
  ],
  "check_results": null
}
