{
  "version": 4,
  "terraform_version": "1.9.8",
  "serial": 2,
  "lineage": "93d4bce5-6ef4-7bdb-4d83-e89460c53a59",
  "outputs": {},
  "resources": [
    {
      "mode": "managed",
      "type": "auth0_client",
      "name": "single_page_app_1",
      "provider": "provider[\"registry.terraform.io/auth0/auth0\"]",
      "instances": [
        {
          "schema_version": 0,
          "attributes": {
            "addons": [],
            "allowed_clients": [],
            "allowed_logout_urls": [],
            "allowed_origins": [],
            "app_type": "spa",
            "callbacks": [],
            "client_aliases": [],
            "client_id": "Z4E94K1oPy3Gnh4s2Q9AG8Sg6OEROKZU",
            "client_metadata": {},
            "compliance_level": "",
            "cross_origin_auth": false,
            "cross_origin_loc": "",
            "custom_login_page": "",
            "custom_login_page_on": true,
            "default_organization": [
              {
                "disable": true,
                "flows": [],
                "organization_id": ""
              }
            ],
            "description": "",
            "encryption_key": {},
            "form_template": "",
            "grant_types": [
              "implicit",
              "refresh_token",
              "authorization_code"
            ],
            "id": "Z4E94K1oPy3Gnh4s2Q9AG8Sg6OEROKZU",
            "initiate_login_uri": "",
            "is_first_party": true,
            "is_token_endpoint_ip_header_trusted": false,
            "jwt_configuration": [
              {
                "alg": "RS256",
                "lifetime_in_seconds": 36000,
                "scopes": {},
                "secret_encoded": false
              }
            ],
            "logo_uri": "https://cc-prod.scene7.com/is/image/CCProdAuthor/mascot-logo-design_P1_900x420?$pjpeg$\u0026jpegSize=200\u0026wid=900",
            "mobile": [],
            "name": "Single_page_app_1",
            "native_social_login": [],
            "oidc_backchannel_logout_urls": [],
            "oidc_conformant": true,
            "oidc_logout": [
              {
                "backchannel_logout_initiators": [
                  {
                    "mode": "custom",
                    "selected_initiators": [
                      "idp-logout",
                      "rp-logout"
                    ]
                  }
                ],
                "backchannel_logout_urls": []
              }
            ],
            "organization_require_behavior": "",
            "organization_usage": "",
            "refresh_token": [
              {
                "expiration_type": "expiring",
                "idle_token_lifetime": 1296000,
                "infinite_idle_token_lifetime": false,
                "infinite_token_lifetime": false,
                "leeway": 0,
                "rotation_type": "rotating",
                "token_lifetime": 2592000
              }
            ],
            "require_proof_of_possession": false,
            "require_pushed_authorization_requests": false,
            "signing_keys": [
              {
                "cert": "-----BEGIN CERTIFICATE-----\r\nMIIDAzCCAeugAwIBAgIJNwd/yg6eKgnmMA0GCSqGSIb3DQEBCwUAMB8xHTAbBgNV\r\nBAMTFHJ1LWRlbW8udXMuYXV0aDAuY29tMB4XDTIxMDYxMDEwMjk0MVoXDTM1MDIx\r\nNzEwMjk0MVowHzEdMBsGA1UEAxMUcnUtZGVtby51cy5hdXRoMC5jb20wggEiMA0G\r\nCSqGSIb3DQEBAQUAA4IBDwAwggEKAoIBAQDUUEfYGzWxAfWoz36FaNlBZtnb6ybQ\r\nmw3pj8RIrFFMhwVd2ZIuv2n77BwvJhIpxC61JVWM75fEZGyYrnHv8rGHjiG6vYsV\r\nqtXVgOcEvqdHKhrC71zxHkDU376lqgs7c57ypncQS1EDc4Om+IVwBZD6zo7gg20o\r\nnmRMqtXq+qeMu3kzPk05/OPIXj/nFpgHhhqXKopqquhGbZEv77vVnIISGsV5JX+h\r\nV0T+q2UhAc1WAj7dgZ3pnOa5bmJXY3YIKNf9wZ9ZphgUOEo9VIsY6iKvGnVpU5il\r\nG56CyliteGDp84lG+SA+Kxr9DJmBfajoY3lu1Su/tJOj2we3Xlj4Dso3AgMBAAGj\r\nQjBAMA8GA1UdEwEB/wQFMAMBAf8wHQYDVR0OBBYEFAkj/3NyMvjeStKwEDhEN9Ha\r\nb9NWMA4GA1UdDwEB/wQEAwIChDANBgkqhkiG9w0BAQsFAAOCAQEAkZLZ70bfsTzH\r\nhsEzR8eenBMlzQPObatJ6DJCkek9biv6UlWV8P1C07i8w6gHfGSHH9zL4iKaxQaS\r\nP2CpDxxUxF0A1eSZyAUsdKxKgZKCuVCra0FUs7910ZLdouGNoF50Qab1b2/gRB+n\r\nKgNq/13ZSKg3t1QTIU1dntm7qjSq3cX0gZCBDJz11+9XNhWOblJepB3EzkNzlf8r\r\nbW0PW86bK2YDqu8EecHrfkQ2cTwo+zVJ2MGsEbBPcUSopq4KL1Ifj+9KJs1pOObu\r\n84nAbxt7E9DPtdso9vIti41IN2XJmJKp1UKq4dyYWx4VzUkQyDfSv+gd2n/JYAB9\r\nuUfd8YZrwQ==\r\n-----END CERTIFICATE-----",
                "pkcs7": "-----BEGIN PKCS7-----\r\nMIIDMgYJKoZIhvcNAQcCoIIDIzCCAx8CAQExADALBgkqhkiG9w0BBwGgggMHMIID\r\nAzCCAeugAwIBAgIJNwd/yg6eKgnmMA0GCSqGSIb3DQEBCwUAMB8xHTAbBgNVBAMT\r\nFHJ1LWRlbW8udXMuYXV0aDAuY29tMB4XDTIxMDYxMDEwMjk0MVoXDTM1MDIxNzEw\r\nMjk0MVowHzEdMBsGA1UEAxMUcnUtZGVtby51cy5hdXRoMC5jb20wggEiMA0GCSqG\r\nSIb3DQEBAQUAA4IBDwAwggEKAoIBAQDUUEfYGzWxAfWoz36FaNlBZtnb6ybQmw3p\r\nj8RIrFFMhwVd2ZIuv2n77BwvJhIpxC61JVWM75fEZGyYrnHv8rGHjiG6vYsVqtXV\r\ngOcEvqdHKhrC71zxHkDU376lqgs7c57ypncQS1EDc4Om+IVwBZD6zo7gg20onmRM\r\nqtXq+qeMu3kzPk05/OPIXj/nFpgHhhqXKopqquhGbZEv77vVnIISGsV5JX+hV0T+\r\nq2UhAc1WAj7dgZ3pnOa5bmJXY3YIKNf9wZ9ZphgUOEo9VIsY6iKvGnVpU5ilG56C\r\nyliteGDp84lG+SA+Kxr9DJmBfajoY3lu1Su/tJOj2we3Xlj4Dso3AgMBAAGjQjBA\r\nMA8GA1UdEwEB/wQFMAMBAf8wHQYDVR0OBBYEFAkj/3NyMvjeStKwEDhEN9Hab9NW\r\nMA4GA1UdDwEB/wQEAwIChDANBgkqhkiG9w0BAQsFAAOCAQEAkZLZ70bfsTzHhsEz\r\nR8eenBMlzQPObatJ6DJCkek9biv6UlWV8P1C07i8w6gHfGSHH9zL4iKaxQaSP2Cp\r\nDxxUxF0A1eSZyAUsdKxKgZKCuVCra0FUs7910ZLdouGNoF50Qab1b2/gRB+nKgNq\r\n/13ZSKg3t1QTIU1dntm7qjSq3cX0gZCBDJz11+9XNhWOblJepB3EzkNzlf8rbW0P\r\nW86bK2YDqu8EecHrfkQ2cTwo+zVJ2MGsEbBPcUSopq4KL1Ifj+9KJs1pOObu84nA\r\nbxt7E9DPtdso9vIti41IN2XJmJKp1UKq4dyYWx4VzUkQyDfSv+gd2n/JYAB9uUfd\r\n8YZrwTEA\r\n-----END PKCS7-----\r\n",
                "subject": "deprecated"
              }
            ],
            "sso": false,
            "sso_disabled": false,
            "token_exchange": [],
            "web_origins": []
          },
          "sensitive_attributes": [
            [
              {
                "type": "get_attr",
                "value": "signing_keys"
              }
            ]
          ],
          "private": "bnVsbA=="
        }
      ]
    }
  ],
  "check_results": null
}
