{
  "version": 4,
  "terraform_version": "1.9.8",
  "serial": 3,
  "lineage": "be60f62b-21d3-4a70-2a0e-f32718a91cae",
  "outputs": {},
  "resources": [
    {
      "mode": "managed",
      "type": "auth0_client",
      "name": "regular_web_applications",
      "provider": "provider[\"registry.terraform.io/auth0/auth0\"]",
      "instances": [
        {
          "schema_version": 0,
          "attributes": {
            "addons": [],
            "allowed_clients": [],
            "allowed_logout_urls": [],
            "allowed_origins": [],
            "app_type": "regular_web",
            "callbacks": [],
            "client_aliases": [],
            "client_id": "T8e8TJvQqytNPlc4CX7qc3oDQUFShPZc",
            "client_metadata": null,
            "compliance_level": "",
            "cross_origin_auth": false,
            "cross_origin_loc": "",
            "custom_login_page": "",
            "custom_login_page_on": true,
            "default_organization": [
              {
                "disable": true,
                "flows": [],
                "organization_id": ""
              }
            ],
            "description": "",
            "encryption_key": null,
            "form_template": "",
            "grant_types": [
              "authorization_code",
              "implicit",
              "refresh_token",
              "client_credentials"
            ],
            "id": "T8e8TJvQqytNPlc4CX7qc3oDQUFShPZc",
            "initiate_login_uri": "",
            "is_first_party": true,
            "is_token_endpoint_ip_header_trusted": false,
            "jwt_configuration": [
              {
                "alg": "RS256",
                "lifetime_in_seconds": 36000,
                "scopes": null,
                "secret_encoded": false
              }
            ],
            "logo_uri": "",
            "mobile": [],
            "name": "Regular Web Applications by Jenkins.",
            "native_social_login": [],
            "oidc_backchannel_logout_urls": null,
            "oidc_conformant": true,
            "oidc_logout": [
              {
                "backchannel_logout_initiators": [
                  {
                    "mode": "custom",
                    "selected_initiators": [
                      "idp-logout",
                      "rp-logout"
                    ]
                  }
                ],
                "backchannel_logout_urls": []
              }
            ],
            "organization_require_behavior": "",
            "organization_usage": "",
            "refresh_token": [
              {
                "expiration_type": "non-expiring",
                "idle_token_lifetime": 2592000,
                "infinite_idle_token_lifetime": true,
                "infinite_token_lifetime": true,
                "leeway": 0,
                "rotation_type": "non-rotating",
                "token_lifetime": 31557600
              }
            ],
            "require_proof_of_possession": false,
            "require_pushed_authorization_requests": false,
            "signing_keys": [
              {
                "cert": "-----BEGIN CERTIFICATE-----\r\nMIIDDTCCAfWgAwIBAgIJPyigypckxayxMA0GCSqGSIb3DQEBCwUAMCQxIjAgBgNV\r\nBAMTGWRldi0wZjc3dmczcC51cy5hdXRoMC5jb20wHhcNMjIwODE3MDYzODQxWhcN\r\nMzYwNDI1MDYzODQxWjAkMSIwIAYDVQQDExlkZXYtMGY3N3ZnM3AudXMuYXV0aDAu\r\nY29tMIIBIjANBgkqhkiG9w0BAQEFAAOCAQ8AMIIBCgKCAQEAq7JTZp8LIRNpbWwM\r\nuiIUkHmzpW/14wJ7E/iUnQj9kaalTamTNX7lkhPMubyzFn0iOToi3VgScpa3baCW\r\n8EqP9y55SpTZQooNyXP/qVwIggbvArQgmHYUSUZqtE4E42k5XdYwRYKbg5+ogLp8\r\n5DcvRXqBPXI2LubmoVf2GAs8caIZIUEFclRXW2LIOAmENJnC8lCz1kj098TXYwKv\r\nzHSWcPykqtamu9d9FVVSCRRP2yUJ3oY69u3KQQVg9u664UPhGc4aEp+kW9QpW31T\r\nVpfOeUIvOnTcgd3KSNSdasfSWWvXCq5aRJouLkL5mCWVfAtashUn7/LPM7ekD9D9\r\nCCH24wIDAQABo0IwQDAPBgNVHRMBAf8EBTADAQH/MB0GA1UdDgQWBBRBu+SSusfu\r\nIb2Fu9eSfsu7+sMxZzAOBgNVHQ8BAf8EBAMCAoQwDQYJKoZIhvcNAQELBQADggEB\r\nABgtkzHrK+C2p1IZtJoOJcUiq7Qdvh82yUYYBap3XVpyyfZxDBGyAPAWCvV580hN\r\nlbe/fGGOvUMLzCj1sJSYcJA7uQ7KLHQyeupr2KkRRIA7sgU2WNhLVbtg4CXTFlnl\r\njHQ3FkpYGiMREd+X0rwL4xX9dTE+46tFCwj5Hhp5OCwc8/iq+ejG4UhQPToToG7F\r\nYyHZgiTgQYU4elFkzwClbeR3qnpkTVeik8ZGNV9k1agDEVyFYpmaWDkgbXYb8npH\r\nA95ND9P3y/etR2X1j94oo4F8w907r8ATPi7o26rltXh6+sqoQyhbFzu+UPaWGwT7\r\n6J40z7c1jpvId6HCbtTsbZ4=\r\n-----END CERTIFICATE-----",
                "pkcs7": "-----BEGIN PKCS7-----\r\nMIIDPAYJKoZIhvcNAQcCoIIDLTCCAykCAQExADALBgkqhkiG9w0BBwGgggMRMIID\r\nDTCCAfWgAwIBAgIJPyigypckxayxMA0GCSqGSIb3DQEBCwUAMCQxIjAgBgNVBAMT\r\nGWRldi0wZjc3dmczcC51cy5hdXRoMC5jb20wHhcNMjIwODE3MDYzODQxWhcNMzYw\r\nNDI1MDYzODQxWjAkMSIwIAYDVQQDExlkZXYtMGY3N3ZnM3AudXMuYXV0aDAuY29t\r\nMIIBIjANBgkqhkiG9w0BAQEFAAOCAQ8AMIIBCgKCAQEAq7JTZp8LIRNpbWwMuiIU\r\nkHmzpW/14wJ7E/iUnQj9kaalTamTNX7lkhPMubyzFn0iOToi3VgScpa3baCW8EqP\r\n9y55SpTZQooNyXP/qVwIggbvArQgmHYUSUZqtE4E42k5XdYwRYKbg5+ogLp85Dcv\r\nRXqBPXI2LubmoVf2GAs8caIZIUEFclRXW2LIOAmENJnC8lCz1kj098TXYwKvzHSW\r\ncPykqtamu9d9FVVSCRRP2yUJ3oY69u3KQQVg9u664UPhGc4aEp+kW9QpW31TVpfO\r\neUIvOnTcgd3KSNSdasfSWWvXCq5aRJouLkL5mCWVfAtashUn7/LPM7ekD9D9CCH2\r\n4wIDAQABo0IwQDAPBgNVHRMBAf8EBTADAQH/MB0GA1UdDgQWBBRBu+SSusfuIb2F\r\nu9eSfsu7+sMxZzAOBgNVHQ8BAf8EBAMCAoQwDQYJKoZIhvcNAQELBQADggEBABgt\r\nkzHrK+C2p1IZtJoOJcUiq7Qdvh82yUYYBap3XVpyyfZxDBGyAPAWCvV580hNlbe/\r\nfGGOvUMLzCj1sJSYcJA7uQ7KLHQyeupr2KkRRIA7sgU2WNhLVbtg4CXTFlnljHQ3\r\nFkpYGiMREd+X0rwL4xX9dTE+46tFCwj5Hhp5OCwc8/iq+ejG4UhQPToToG7FYyHZ\r\ngiTgQYU4elFkzwClbeR3qnpkTVeik8ZGNV9k1agDEVyFYpmaWDkgbXYb8npHA95N\r\nD9P3y/etR2X1j94oo4F8w907r8ATPi7o26rltXh6+sqoQyhbFzu+UPaWGwT76J40\r\nz7c1jpvId6HCbtTsbZ4xAA==\r\n-----END PKCS7-----\r\n",
                "subject": "deprecated"
              }
            ],
            "sso": false,
            "sso_disabled": false,
            "token_exchange": [],
            "web_origins": []
          },
          "sensitive_attributes": [
            [
              {
                "type": "get_attr",
                "value": "signing_keys"
              }
            ]
          ],
          "private": "bnVsbA=="
        }
      ]
    }
  ],
  "check_results": null
}
